
Microsoft Visual Studio Solution File, Format Version 12.00
# Visual Studio Version 16
VisualStudioVersion = 16.0.31729.503
MinimumVisualStudioVersion = 10.0.40219.1
Project("{9A19103F-16F7-4668-BE54-9A1E7A4F7556}") = "Samplewebapp", "Samplewebapp.csproj", "{D2C85C29-E868-427A-9BE8-EB14ACC2C680}"
EndProject
Global
	GlobalSection(SolutionConfigurationPlatforms) = preSolution
		Debug|Any CPU = Debug|Any CPU
		Release|Any CPU = Release|Any CPU
	EndGlobalSection
	GlobalSection(ProjectConfigurationPlatforms) = postSolution
		{D2C85C29-E868-427A-9BE8-EB14ACC2C680}.Debug|Any CPU.ActiveCfg = Debug|Any CPU
		{D2C85C29-E868-427A-9BE8-EB14ACC2C680}.Debug|Any CPU.Build.0 = Debug|Any CPU
		{D2C85C29-E868-427A-9BE8-EB14ACC2C680}.Release|Any CPU.ActiveCfg = Release|Any CPU
		{D2C85C29-E868-427A-9BE8-EB14ACC2C680}.Release|Any CPU.Build.0 = Release|Any CPU
	EndGlobalSection
	GlobalSection(SolutionProperties) = preSolution
		HideSolutionNode = FALSE
	EndGlobalSection
	GlobalSection(ExtensibilityGlobals) = postSolution
		SolutionGuid = {F57181C9-6A8A-42BF-964F-E3082D5A6684}
	EndGlobalSection
EndGlobal
